
Microsoft Visual Studio Solution File, Format Version 12.00
# Visual Studio Version 16
VisualStudioVersion = 16.0.31112.23
MinimumVisualStudioVersion = 10.0.40219.1
Project("{FAE04EC0-301F-11D3-BF4B-00C04F79EFBC}") = "W1-1-LoopsWords", "Class0_HW\Q1_LoopsWords\W1-1-LoopsWords.csproj", "{6942308B-861B-41A8-9F1C-0DFAAD79F8F3}"
EndProject
Project("{FAE04EC0-301F-11D3-BF4B-00C04F79EFBC}") = "W1-2-PrimeNumber", "Class0_HW\Q2_PrimeNumber\W1-2-PrimeNumber.csproj", "{EDA0F837-0346-4C98-8687-879CB467A647}"
EndProject
Project("{FAE04EC0-301F-11D3-BF4B-00C04F79EFBC}") = "W1-3-StringReplace", "Class0_HW\Q3_StringReplace\W1-3-StringReplace.csproj", "{04EC3660-9DB0-450D-85ED-16A6825CCCD3}"
EndProject
Project("{FAE04EC0-301F-11D3-BF4B-00C04F79EFBC}") = "W2-1-OddOrEven01", "BillClass2_HW\OddOrEven01\W2-1-OddOrEven01.csproj", "{DF1E9EA0-5CF8-4108-AD42-933C39D77794}"
EndProject
Project("{FAE04EC0-301F-11D3-BF4B-00C04F79EFBC}") = "W2-2.1-OddOrEven02", "BillClass2_HW\OddOrEven02\W2-2.1-OddOrEven02.csproj", "{66ED8102-D02F-4519-A036-E32F35D48ABB}"
EndProject
Project("{FAE04EC0-301F-11D3-BF4B-00C04F79EFBC}") = "W2-3-ReserveLoop01", "BillClass2_HW\ReserveLoop\W2-3-ReserveLoop01.csproj", "{6206EFD4-E6B8-47F5-8853-169E49C7721A}"
EndProject
Project("{FAE04EC0-301F-11D3-BF4B-00C04F79EFBC}") = "W2-4-ReserveLoop02", "BillClass2_HW\ReserveLoop02\W2-4-ReserveLoop02.csproj", "{17932E06-5D35-4823-B791-B1D3E02B9231}"
EndProject
Project("{FAE04EC0-301F-11D3-BF4B-00C04F79EFBC}") = "W2-5-LeapYear01", "BillClass2_HW\LeapYear01\W2-5-LeapYear01.csproj", "{8095A4E2-2365-4A28-9A7E-4F21D52B0C2F}"
EndProject
Project("{FAE04EC0-301F-11D3-BF4B-00C04F79EFBC}") = "W2-6-WeekendCount", "BillClass2_HW\WeekendCount\W2-6-WeekendCount.csproj", "{542291A6-6CCB-4B64-AB7B-2F50FB35B4BD}"
EndProject
Project("{FAE04EC0-301F-11D3-BF4B-00C04F79EFBC}") = "W2-7-WeekendCount02", "BillClass2_HW\WeekendCount02\W2-7-WeekendCount02.csproj", "{F5D2D93C-A052-4B73-9F75-1499B7C02E1F}"
EndProject
Project("{FAE04EC0-301F-11D3-BF4B-00C04F79EFBC}") = "W3-0-FarmerAndRiver", "BillClass3_HW\FarmAndRiver\W3-0-FarmerAndRiver.csproj", "{3F8ED4CA-C4FF-4765-A943-B27DDDCAC696}"
EndProject
Project("{FAE04EC0-301F-11D3-BF4B-00C04F79EFBC}") = "W4-1-Fibonacci Sequence", "BillClass5_HW\W4-Fibonacci Sequence\W4-1-Fibonacci Sequence.csproj", "{5D6E08C3-5234-49BD-8DC8-A277B2020222}"
EndProject
Project("{911E67C6-3D85-4FCE-B560-20A9C3E3FF48}") = "ListHw_FarmerAcrossRiver_2", "ListHw_FarmerAcrossRiver_2.exe", "{FF12C50E-9D84-43F7-9F88-371ED3018FEC}"
	ProjectSection(DebuggerProjectSystem) = preProject
		PortSupplier = 00000000-0000-0000-0000-000000000000
		Executable = C:\Users\Aphone\OneDrive\桌面\C#\BuildSchoolLab\01.Bill CSharp\Bill_Practice\Bill_HW\ListHw_FarmerAcrossRiver_2.exe
		RemoteMachine = LAPTOP-BDDCFUD0
		StartingDirectory = C:\Users\Aphone\OneDrive\桌面\C#\BuildSchoolLab\01.Bill CSharp\Bill_Practice\Bill_HW
		Environment = 預設
		LaunchingEngine = 00000000-0000-0000-0000-000000000000
		UseLegacyDebugEngines = No
		LaunchSQLEngine = No
		AttachLaunchAction = No
		IORedirection = Auto
	EndProjectSection
EndProject
Project("{FAE04EC0-301F-11D3-BF4B-00C04F79EFBC}") = "W4-3-ParkingFee", "BillClass5_HW\W4-3-ParkingFee\W4-3-ParkingFee.csproj", "{F588ACB7-450D-462F-8AE9-A58B183D2139}"
EndProject
Project("{FAE04EC0-301F-11D3-BF4B-00C04F79EFBC}") = "W4-5-TrainTicket", "BillClass5_HW\W4-5-TrainTicket\W4-5-TrainTicket.csproj", "{4599FA30-B295-40C2-8FCA-164D141D48AB}"
EndProject
Project("{FAE04EC0-301F-11D3-BF4B-00C04F79EFBC}") = "W4-6-MathQuestion", "BillClass5_HW\W4-6-MathQuestion\W4-6-MathQuestion.csproj", "{86086902-9671-4185-A34C-9AE7FA7950F9}"
EndProject
Project("{FAE04EC0-301F-11D3-BF4B-00C04F79EFBC}") = "W4-2-Shop", "BillClass5_HW\W4-2-Shop\W4-2-Shop.csproj", "{726B4A00-5838-4500-A4FD-38CBCF029B68}"
EndProject
Project("{FAE04EC0-301F-11D3-BF4B-00C04F79EFBC}") = "W4-4-ConvertString002", "BillClass5_HW\W4-4-ConvertString002\W4-4-ConvertString002.csproj", "{8BD9349B-5D80-402B-BCCA-25FCA8C6D249}"
EndProject
Project("{FAE04EC0-301F-11D3-BF4B-00C04F79EFBC}") = "W4-4-ConvertString", "BillClass5_HW\W4-4-字串轉換\W4-4-ConvertString.csproj", "{6B672275-39F2-4822-BCA0-C32015B95322}"
EndProject
Project("{FAE04EC0-301F-11D3-BF4B-00C04F79EFBC}") = "W2-2.2-OddOrEven02-2", "BillClass2_HW\OddOrEven02-2\W2-2.2-OddOrEven02-2.csproj", "{350D4647-86FA-4FBE-AF2A-0A520C991429}"
EndProject
Project("{FAE04EC0-301F-11D3-BF4B-00C04F79EFBC}") = "W3-1-ReserveLoop01", "BillClass3_HW\W3-1-OddOrEven01\W3-1-ReserveLoop01.csproj", "{27B7EDFC-EAA2-43FD-A1B2-17D94B491C72}"
EndProject
Project("{FAE04EC0-301F-11D3-BF4B-00C04F79EFBC}") = "W3-2-ReserveLoop02", "BillClass3_HW\W3-2-ReserveLoop02\W3-2-ReserveLoop02.csproj", "{443F2618-E828-4B7F-ACA2-9402F7240137}"
EndProject
Project("{FAE04EC0-301F-11D3-BF4B-00C04F79EFBC}") = "W3-3-OddOrEven02", "BillClass3_HW\OddOrEven03\W3-3-OddOrEven02.csproj", "{B3E8D45C-4BB5-4693-B7ED-C7EE1D5A77F3}"
EndProject
Project("{FAE04EC0-301F-11D3-BF4B-00C04F79EFBC}") = "W4-LinqHomework", "LinqHomework\W4-LinqHomework.csproj", "{C8499F32-B5C5-4605-A2FC-0AE00803D1A7}"
EndProject
Project("{FAE04EC0-301F-11D3-BF4B-00C04F79EFBC}") = "W5_Caculator", "..\W5_Caculator\W5_Caculator.csproj", "{8375A0B4-00CD-47E1-91B6-5315A79E75C0}"
EndProject
Global
	GlobalSection(SolutionConfigurationPlatforms) = preSolution
		Debug|Any CPU = Debug|Any CPU
		Debug|x86 = Debug|x86
		Release|Any CPU = Release|Any CPU
		Release|x86 = Release|x86
	EndGlobalSection
	GlobalSection(ProjectConfigurationPlatforms) = postSolution
		{6942308B-861B-41A8-9F1C-0DFAAD79F8F3}.Debug|Any CPU.ActiveCfg = Debug|Any CPU
		{6942308B-861B-41A8-9F1C-0DFAAD79F8F3}.Debug|Any CPU.Build.0 = Debug|Any CPU
		{6942308B-861B-41A8-9F1C-0DFAAD79F8F3}.Debug|x86.ActiveCfg = Debug|Any CPU
		{6942308B-861B-41A8-9F1C-0DFAAD79F8F3}.Debug|x86.Build.0 = Debug|Any CPU
		{6942308B-861B-41A8-9F1C-0DFAAD79F8F3}.Release|Any CPU.ActiveCfg = Release|Any CPU
		{6942308B-861B-41A8-9F1C-0DFAAD79F8F3}.Release|Any CPU.Build.0 = Release|Any CPU
		{6942308B-861B-41A8-9F1C-0DFAAD79F8F3}.Release|x86.ActiveCfg = Release|Any CPU
		{6942308B-861B-41A8-9F1C-0DFAAD79F8F3}.Release|x86.Build.0 = Release|Any CPU
		{EDA0F837-0346-4C98-8687-879CB467A647}.Debug|Any CPU.ActiveCfg = Debug|Any CPU
		{EDA0F837-0346-4C98-8687-879CB467A647}.Debug|Any CPU.Build.0 = Debug|Any CPU
		{EDA0F837-0346-4C98-8687-879CB467A647}.Debug|x86.ActiveCfg = Debug|Any CPU
		{EDA0F837-0346-4C98-8687-879CB467A647}.Debug|x86.Build.0 = Debug|Any CPU
		{EDA0F837-0346-4C98-8687-879CB467A647}.Release|Any CPU.ActiveCfg = Release|Any CPU
		{EDA0F837-0346-4C98-8687-879CB467A647}.Release|Any CPU.Build.0 = Release|Any CPU
		{EDA0F837-0346-4C98-8687-879CB467A647}.Release|x86.ActiveCfg = Release|Any CPU
		{EDA0F837-0346-4C98-8687-879CB467A647}.Release|x86.Build.0 = Release|Any CPU
		{04EC3660-9DB0-450D-85ED-16A6825CCCD3}.Debug|Any CPU.ActiveCfg = Debug|Any CPU
		{04EC3660-9DB0-450D-85ED-16A6825CCCD3}.Debug|Any CPU.Build.0 = Debug|Any CPU
		{04EC3660-9DB0-450D-85ED-16A6825CCCD3}.Debug|x86.ActiveCfg = Debug|Any CPU
		{04EC3660-9DB0-450D-85ED-16A6825CCCD3}.Debug|x86.Build.0 = Debug|Any CPU
		{04EC3660-9DB0-450D-85ED-16A6825CCCD3}.Release|Any CPU.ActiveCfg = Release|Any CPU
		{04EC3660-9DB0-450D-85ED-16A6825CCCD3}.Release|Any CPU.Build.0 = Release|Any CPU
		{04EC3660-9DB0-450D-85ED-16A6825CCCD3}.Release|x86.ActiveCfg = Release|Any CPU
		{04EC3660-9DB0-450D-85ED-16A6825CCCD3}.Release|x86.Build.0 = Release|Any CPU
		{DF1E9EA0-5CF8-4108-AD42-933C39D77794}.Debug|Any CPU.ActiveCfg = Debug|Any CPU
		{DF1E9EA0-5CF8-4108-AD42-933C39D77794}.Debug|Any CPU.Build.0 = Debug|Any CPU
		{DF1E9EA0-5CF8-4108-AD42-933C39D77794}.Debug|x86.ActiveCfg = Debug|Any CPU
		{DF1E9EA0-5CF8-4108-AD42-933C39D77794}.Debug|x86.Build.0 = Debug|Any CPU
		{DF1E9EA0-5CF8-4108-AD42-933C39D77794}.Release|Any CPU.ActiveCfg = Release|Any CPU
		{DF1E9EA0-5CF8-4108-AD42-933C39D77794}.Release|Any CPU.Build.0 = Release|Any CPU
		{DF1E9EA0-5CF8-4108-AD42-933C39D77794}.Release|x86.ActiveCfg = Release|Any CPU
		{DF1E9EA0-5CF8-4108-AD42-933C39D77794}.Release|x86.Build.0 = Release|Any CPU
		{66ED8102-D02F-4519-A036-E32F35D48ABB}.Debug|Any CPU.ActiveCfg = Debug|Any CPU
		{66ED8102-D02F-4519-A036-E32F35D48ABB}.Debug|Any CPU.Build.0 = Debug|Any CPU
		{66ED8102-D02F-4519-A036-E32F35D48ABB}.Debug|x86.ActiveCfg = Debug|Any CPU
		{66ED8102-D02F-4519-A036-E32F35D48ABB}.Debug|x86.Build.0 = Debug|Any CPU
		{66ED8102-D02F-4519-A036-E32F35D48ABB}.Release|Any CPU.ActiveCfg = Release|Any CPU
		{66ED8102-D02F-4519-A036-E32F35D48ABB}.Release|Any CPU.Build.0 = Release|Any CPU
		{66ED8102-D02F-4519-A036-E32F35D48ABB}.Release|x86.ActiveCfg = Release|Any CPU
		{66ED8102-D02F-4519-A036-E32F35D48ABB}.Release|x86.Build.0 = Release|Any CPU
		{6206EFD4-E6B8-47F5-8853-169E49C7721A}.Debug|Any CPU.ActiveCfg = Debug|Any CPU
		{6206EFD4-E6B8-47F5-8853-169E49C7721A}.Debug|Any CPU.Build.0 = Debug|Any CPU
		{6206EFD4-E6B8-47F5-8853-169E49C7721A}.Debug|x86.ActiveCfg = Debug|Any CPU
		{6206EFD4-E6B8-47F5-8853-169E49C7721A}.Debug|x86.Build.0 = Debug|Any CPU
		{6206EFD4-E6B8-47F5-8853-169E49C7721A}.Release|Any CPU.ActiveCfg = Release|Any CPU
		{6206EFD4-E6B8-47F5-8853-169E49C7721A}.Release|Any CPU.Build.0 = Release|Any CPU
		{6206EFD4-E6B8-47F5-8853-169E49C7721A}.Release|x86.ActiveCfg = Release|Any CPU
		{6206EFD4-E6B8-47F5-8853-169E49C7721A}.Release|x86.Build.0 = Release|Any CPU
		{17932E06-5D35-4823-B791-B1D3E02B9231}.Debug|Any CPU.ActiveCfg = Debug|Any CPU
		{17932E06-5D35-4823-B791-B1D3E02B9231}.Debug|Any CPU.Build.0 = Debug|Any CPU
		{17932E06-5D35-4823-B791-B1D3E02B9231}.Debug|x86.ActiveCfg = Debug|Any CPU
		{17932E06-5D35-4823-B791-B1D3E02B9231}.Debug|x86.Build.0 = Debug|Any CPU
		{17932E06-5D35-4823-B791-B1D3E02B9231}.Release|Any CPU.ActiveCfg = Release|Any CPU
		{17932E06-5D35-4823-B791-B1D3E02B9231}.Release|Any CPU.Build.0 = Release|Any CPU
		{17932E06-5D35-4823-B791-B1D3E02B9231}.Release|x86.ActiveCfg = Release|Any CPU
		{17932E06-5D35-4823-B791-B1D3E02B9231}.Release|x86.Build.0 = Release|Any CPU
		{8095A4E2-2365-4A28-9A7E-4F21D52B0C2F}.Debug|Any CPU.ActiveCfg = Debug|Any CPU
		{8095A4E2-2365-4A28-9A7E-4F21D52B0C2F}.Debug|Any CPU.Build.0 = Debug|Any CPU
		{8095A4E2-2365-4A28-9A7E-4F21D52B0C2F}.Debug|x86.ActiveCfg = Debug|Any CPU
		{8095A4E2-2365-4A28-9A7E-4F21D52B0C2F}.Debug|x86.Build.0 = Debug|Any CPU
		{8095A4E2-2365-4A28-9A7E-4F21D52B0C2F}.Release|Any CPU.ActiveCfg = Release|Any CPU
		{8095A4E2-2365-4A28-9A7E-4F21D52B0C2F}.Release|Any CPU.Build.0 = Release|Any CPU
		{8095A4E2-2365-4A28-9A7E-4F21D52B0C2F}.Release|x86.ActiveCfg = Release|Any CPU
		{8095A4E2-2365-4A28-9A7E-4F21D52B0C2F}.Release|x86.Build.0 = Release|Any CPU
		{542291A6-6CCB-4B64-AB7B-2F50FB35B4BD}.Debug|Any CPU.ActiveCfg = Debug|Any CPU
		{542291A6-6CCB-4B64-AB7B-2F50FB35B4BD}.Debug|Any CPU.Build.0 = Debug|Any CPU
		{542291A6-6CCB-4B64-AB7B-2F50FB35B4BD}.Debug|x86.ActiveCfg = Debug|Any CPU
		{542291A6-6CCB-4B64-AB7B-2F50FB35B4BD}.Debug|x86.Build.0 = Debug|Any CPU
		{542291A6-6CCB-4B64-AB7B-2F50FB35B4BD}.Release|Any CPU.ActiveCfg = Release|Any CPU
		{542291A6-6CCB-4B64-AB7B-2F50FB35B4BD}.Release|Any CPU.Build.0 = Release|Any CPU
		{542291A6-6CCB-4B64-AB7B-2F50FB35B4BD}.Release|x86.ActiveCfg = Release|Any CPU
		{542291A6-6CCB-4B64-AB7B-2F50FB35B4BD}.Release|x86.Build.0 = Release|Any CPU
		{F5D2D93C-A052-4B73-9F75-1499B7C02E1F}.Debug|Any CPU.ActiveCfg = Debug|Any CPU
		{F5D2D93C-A052-4B73-9F75-1499B7C02E1F}.Debug|Any CPU.Build.0 = Debug|Any CPU
		{F5D2D93C-A052-4B73-9F75-1499B7C02E1F}.Debug|x86.ActiveCfg = Debug|Any CPU
		{F5D2D93C-A052-4B73-9F75-1499B7C02E1F}.Debug|x86.Build.0 = Debug|Any CPU
		{F5D2D93C-A052-4B73-9F75-1499B7C02E1F}.Release|Any CPU.ActiveCfg = Release|Any CPU
		{F5D2D93C-A052-4B73-9F75-1499B7C02E1F}.Release|Any CPU.Build.0 = Release|Any CPU
		{F5D2D93C-A052-4B73-9F75-1499B7C02E1F}.Release|x86.ActiveCfg = Release|Any CPU
		{F5D2D93C-A052-4B73-9F75-1499B7C02E1F}.Release|x86.Build.0 = Release|Any CPU
		{3F8ED4CA-C4FF-4765-A943-B27DDDCAC696}.Debug|Any CPU.ActiveCfg = Debug|Any CPU
		{3F8ED4CA-C4FF-4765-A943-B27DDDCAC696}.Debug|Any CPU.Build.0 = Debug|Any CPU
		{3F8ED4CA-C4FF-4765-A943-B27DDDCAC696}.Debug|x86.ActiveCfg = Debug|Any CPU
		{3F8ED4CA-C4FF-4765-A943-B27DDDCAC696}.Debug|x86.Build.0 = Debug|Any CPU
		{3F8ED4CA-C4FF-4765-A943-B27DDDCAC696}.Release|Any CPU.ActiveCfg = Release|Any CPU
		{3F8ED4CA-C4FF-4765-A943-B27DDDCAC696}.Release|Any CPU.Build.0 = Release|Any CPU
		{3F8ED4CA-C4FF-4765-A943-B27DDDCAC696}.Release|x86.ActiveCfg = Release|Any CPU
		{3F8ED4CA-C4FF-4765-A943-B27DDDCAC696}.Release|x86.Build.0 = Release|Any CPU
		{5D6E08C3-5234-49BD-8DC8-A277B2020222}.Debug|Any CPU.ActiveCfg = Debug|Any CPU
		{5D6E08C3-5234-49BD-8DC8-A277B2020222}.Debug|Any CPU.Build.0 = Debug|Any CPU
		{5D6E08C3-5234-49BD-8DC8-A277B2020222}.Debug|x86.ActiveCfg = Debug|Any CPU
		{5D6E08C3-5234-49BD-8DC8-A277B2020222}.Debug|x86.Build.0 = Debug|Any CPU
		{5D6E08C3-5234-49BD-8DC8-A277B2020222}.Release|Any CPU.ActiveCfg = Release|Any CPU
		{5D6E08C3-5234-49BD-8DC8-A277B2020222}.Release|Any CPU.Build.0 = Release|Any CPU
		{5D6E08C3-5234-49BD-8DC8-A277B2020222}.Release|x86.ActiveCfg = Release|Any CPU
		{5D6E08C3-5234-49BD-8DC8-A277B2020222}.Release|x86.Build.0 = Release|Any CPU
		{FF12C50E-9D84-43F7-9F88-371ED3018FEC}.Debug|Any CPU.ActiveCfg = Release|x86
		{FF12C50E-9D84-43F7-9F88-371ED3018FEC}.Debug|x86.ActiveCfg = Release|x86
		{FF12C50E-9D84-43F7-9F88-371ED3018FEC}.Release|Any CPU.ActiveCfg = Release|x86
		{FF12C50E-9D84-43F7-9F88-371ED3018FEC}.Release|x86.ActiveCfg = Release|x86
		{F588ACB7-450D-462F-8AE9-A58B183D2139}.Debug|Any CPU.ActiveCfg = Debug|Any CPU
		{F588ACB7-450D-462F-8AE9-A58B183D2139}.Debug|Any CPU.Build.0 = Debug|Any CPU
		{F588ACB7-450D-462F-8AE9-A58B183D2139}.Debug|x86.ActiveCfg = Debug|Any CPU
		{F588ACB7-450D-462F-8AE9-A58B183D2139}.Debug|x86.Build.0 = Debug|Any CPU
		{F588ACB7-450D-462F-8AE9-A58B183D2139}.Release|Any CPU.ActiveCfg = Release|Any CPU
		{F588ACB7-450D-462F-8AE9-A58B183D2139}.Release|Any CPU.Build.0 = Release|Any CPU
		{F588ACB7-450D-462F-8AE9-A58B183D2139}.Release|x86.ActiveCfg = Release|Any CPU
		{F588ACB7-450D-462F-8AE9-A58B183D2139}.Release|x86.Build.0 = Release|Any CPU
		{4599FA30-B295-40C2-8FCA-164D141D48AB}.Debug|Any CPU.ActiveCfg = Debug|Any CPU
		{4599FA30-B295-40C2-8FCA-164D141D48AB}.Debug|Any CPU.Build.0 = Debug|Any CPU
		{4599FA30-B295-40C2-8FCA-164D141D48AB}.Debug|x86.ActiveCfg = Debug|Any CPU
		{4599FA30-B295-40C2-8FCA-164D141D48AB}.Debug|x86.Build.0 = Debug|Any CPU
		{4599FA30-B295-40C2-8FCA-164D141D48AB}.Release|Any CPU.ActiveCfg = Release|Any CPU
		{4599FA30-B295-40C2-8FCA-164D141D48AB}.Release|Any CPU.Build.0 = Release|Any CPU
		{4599FA30-B295-40C2-8FCA-164D141D48AB}.Release|x86.ActiveCfg = Release|Any CPU
		{4599FA30-B295-40C2-8FCA-164D141D48AB}.Release|x86.Build.0 = Release|Any CPU
		{86086902-9671-4185-A34C-9AE7FA7950F9}.Debug|Any CPU.ActiveCfg = Debug|Any CPU
		{86086902-9671-4185-A34C-9AE7FA7950F9}.Debug|Any CPU.Build.0 = Debug|Any CPU
		{86086902-9671-4185-A34C-9AE7FA7950F9}.Debug|x86.ActiveCfg = Debug|Any CPU
		{86086902-9671-4185-A34C-9AE7FA7950F9}.Debug|x86.Build.0 = Debug|Any CPU
		{86086902-9671-4185-A34C-9AE7FA7950F9}.Release|Any CPU.ActiveCfg = Release|Any CPU
		{86086902-9671-4185-A34C-9AE7FA7950F9}.Release|Any CPU.Build.0 = Release|Any CPU
		{86086902-9671-4185-A34C-9AE7FA7950F9}.Release|x86.ActiveCfg = Release|Any CPU
		{86086902-9671-4185-A34C-9AE7FA7950F9}.Release|x86.Build.0 = Release|Any CPU
		{726B4A00-5838-4500-A4FD-38CBCF029B68}.Debug|Any CPU.ActiveCfg = Debug|Any CPU
		{726B4A00-5838-4500-A4FD-38CBCF029B68}.Debug|Any CPU.Build.0 = Debug|Any CPU
		{726B4A00-5838-4500-A4FD-38CBCF029B68}.Debug|x86.ActiveCfg = Debug|Any CPU
		{726B4A00-5838-4500-A4FD-38CBCF029B68}.Debug|x86.Build.0 = Debug|Any CPU
		{726B4A00-5838-4500-A4FD-38CBCF029B68}.Release|Any CPU.ActiveCfg = Release|Any CPU
		{726B4A00-5838-4500-A4FD-38CBCF029B68}.Release|Any CPU.Build.0 = Release|Any CPU
		{726B4A00-5838-4500-A4FD-38CBCF029B68}.Release|x86.ActiveCfg = Release|Any CPU
		{726B4A00-5838-4500-A4FD-38CBCF029B68}.Release|x86.Build.0 = Release|Any CPU
		{8BD9349B-5D80-402B-BCCA-25FCA8C6D249}.Debug|Any CPU.ActiveCfg = Debug|Any CPU
		{8BD9349B-5D80-402B-BCCA-25FCA8C6D249}.Debug|Any CPU.Build.0 = Debug|Any CPU
		{8BD9349B-5D80-402B-BCCA-25FCA8C6D249}.Debug|x86.ActiveCfg = Debug|Any CPU
		{8BD9349B-5D80-402B-BCCA-25FCA8C6D249}.Debug|x86.Build.0 = Debug|Any CPU
		{8BD9349B-5D80-402B-BCCA-25FCA8C6D249}.Release|Any CPU.ActiveCfg = Release|Any CPU
		{8BD9349B-5D80-402B-BCCA-25FCA8C6D249}.Release|Any CPU.Build.0 = Release|Any CPU
		{8BD9349B-5D80-402B-BCCA-25FCA8C6D249}.Release|x86.ActiveCfg = Release|Any CPU
		{8BD9349B-5D80-402B-BCCA-25FCA8C6D249}.Release|x86.Build.0 = Release|Any CPU
		{6B672275-39F2-4822-BCA0-C32015B95322}.Debug|Any CPU.ActiveCfg = Debug|Any CPU
		{6B672275-39F2-4822-BCA0-C32015B95322}.Debug|Any CPU.Build.0 = Debug|Any CPU
		{6B672275-39F2-4822-BCA0-C32015B95322}.Debug|x86.ActiveCfg = Debug|Any CPU
		{6B672275-39F2-4822-BCA0-C32015B95322}.Debug|x86.Build.0 = Debug|Any CPU
		{6B672275-39F2-4822-BCA0-C32015B95322}.Release|Any CPU.ActiveCfg = Release|Any CPU
		{6B672275-39F2-4822-BCA0-C32015B95322}.Release|Any CPU.Build.0 = Release|Any CPU
		{6B672275-39F2-4822-BCA0-C32015B95322}.Release|x86.ActiveCfg = Release|Any CPU
		{6B672275-39F2-4822-BCA0-C32015B95322}.Release|x86.Build.0 = Release|Any CPU
		{350D4647-86FA-4FBE-AF2A-0A520C991429}.Debug|Any CPU.ActiveCfg = Debug|Any CPU
		{350D4647-86FA-4FBE-AF2A-0A520C991429}.Debug|Any CPU.Build.0 = Debug|Any CPU
		{350D4647-86FA-4FBE-AF2A-0A520C991429}.Debug|x86.ActiveCfg = Debug|Any CPU
		{350D4647-86FA-4FBE-AF2A-0A520C991429}.Debug|x86.Build.0 = Debug|Any CPU
		{350D4647-86FA-4FBE-AF2A-0A520C991429}.Release|Any CPU.ActiveCfg = Release|Any CPU
		{350D4647-86FA-4FBE-AF2A-0A520C991429}.Release|Any CPU.Build.0 = Release|Any CPU
		{350D4647-86FA-4FBE-AF2A-0A520C991429}.Release|x86.ActiveCfg = Release|Any CPU
		{350D4647-86FA-4FBE-AF2A-0A520C991429}.Release|x86.Build.0 = Release|Any CPU
		{27B7EDFC-EAA2-43FD-A1B2-17D94B491C72}.Debug|Any CPU.ActiveCfg = Debug|Any CPU
		{27B7EDFC-EAA2-43FD-A1B2-17D94B491C72}.Debug|Any CPU.Build.0 = Debug|Any CPU
		{27B7EDFC-EAA2-43FD-A1B2-17D94B491C72}.Debug|x86.ActiveCfg = Debug|Any CPU
		{27B7EDFC-EAA2-43FD-A1B2-17D94B491C72}.Debug|x86.Build.0 = Debug|Any CPU
		{27B7EDFC-EAA2-43FD-A1B2-17D94B491C72}.Release|Any CPU.ActiveCfg = Release|Any CPU
		{27B7EDFC-EAA2-43FD-A1B2-17D94B491C72}.Release|Any CPU.Build.0 = Release|Any CPU
		{27B7EDFC-EAA2-43FD-A1B2-17D94B491C72}.Release|x86.ActiveCfg = Release|Any CPU
		{27B7EDFC-EAA2-43FD-A1B2-17D94B491C72}.Release|x86.Build.0 = Release|Any CPU
		{443F2618-E828-4B7F-ACA2-9402F7240137}.Debug|Any CPU.ActiveCfg = Debug|Any CPU
		{443F2618-E828-4B7F-ACA2-9402F7240137}.Debug|Any CPU.Build.0 = Debug|Any CPU
		{443F2618-E828-4B7F-ACA2-9402F7240137}.Debug|x86.ActiveCfg = Debug|Any CPU
		{443F2618-E828-4B7F-ACA2-9402F7240137}.Debug|x86.Build.0 = Debug|Any CPU
		{443F2618-E828-4B7F-ACA2-9402F7240137}.Release|Any CPU.ActiveCfg = Release|Any CPU
		{443F2618-E828-4B7F-ACA2-9402F7240137}.Release|Any CPU.Build.0 = Release|Any CPU
		{443F2618-E828-4B7F-ACA2-9402F7240137}.Release|x86.ActiveCfg = Release|Any CPU
		{443F2618-E828-4B7F-ACA2-9402F7240137}.Release|x86.Build.0 = Release|Any CPU
		{B3E8D45C-4BB5-4693-B7ED-C7EE1D5A77F3}.Debug|Any CPU.ActiveCfg = Debug|Any CPU
		{B3E8D45C-4BB5-4693-B7ED-C7EE1D5A77F3}.Debug|Any CPU.Build.0 = Debug|Any CPU
		{B3E8D45C-4BB5-4693-B7ED-C7EE1D5A77F3}.Debug|x86.ActiveCfg = Debug|Any CPU
		{B3E8D45C-4BB5-4693-B7ED-C7EE1D5A77F3}.Debug|x86.Build.0 = Debug|Any CPU
		{B3E8D45C-4BB5-4693-B7ED-C7EE1D5A77F3}.Release|Any CPU.ActiveCfg = Release|Any CPU
		{B3E8D45C-4BB5-4693-B7ED-C7EE1D5A77F3}.Release|Any CPU.Build.0 = Release|Any CPU
		{B3E8D45C-4BB5-4693-B7ED-C7EE1D5A77F3}.Release|x86.ActiveCfg = Release|Any CPU
		{B3E8D45C-4BB5-4693-B7ED-C7EE1D5A77F3}.Release|x86.Build.0 = Release|Any CPU
		{C8499F32-B5C5-4605-A2FC-0AE00803D1A7}.Debug|Any CPU.ActiveCfg = Debug|Any CPU
		{C8499F32-B5C5-4605-A2FC-0AE00803D1A7}.Debug|Any CPU.Build.0 = Debug|Any CPU
		{C8499F32-B5C5-4605-A2FC-0AE00803D1A7}.Debug|x86.ActiveCfg = Debug|Any CPU
		{C8499F32-B5C5-4605-A2FC-0AE00803D1A7}.Debug|x86.Build.0 = Debug|Any CPU
		{C8499F32-B5C5-4605-A2FC-0AE00803D1A7}.Release|Any CPU.ActiveCfg = Release|Any CPU
		{C8499F32-B5C5-4605-A2FC-0AE00803D1A7}.Release|Any CPU.Build.0 = Release|Any CPU
		{C8499F32-B5C5-4605-A2FC-0AE00803D1A7}.Release|x86.ActiveCfg = Release|Any CPU
		{C8499F32-B5C5-4605-A2FC-0AE00803D1A7}.Release|x86.Build.0 = Release|Any CPU
		{8375A0B4-00CD-47E1-91B6-5315A79E75C0}.Debug|Any CPU.ActiveCfg = Debug|Any CPU
		{8375A0B4-00CD-47E1-91B6-5315A79E75C0}.Debug|Any CPU.Build.0 = Debug|Any CPU
		{8375A0B4-00CD-47E1-91B6-5315A79E75C0}.Debug|x86.ActiveCfg = Debug|Any CPU
		{8375A0B4-00CD-47E1-91B6-5315A79E75C0}.Debug|x86.Build.0 = Debug|Any CPU
		{8375A0B4-00CD-47E1-91B6-5315A79E75C0}.Release|Any CPU.ActiveCfg = Release|Any CPU
		{8375A0B4-00CD-47E1-91B6-5315A79E75C0}.Release|Any CPU.Build.0 = Release|Any CPU
		{8375A0B4-00CD-47E1-91B6-5315A79E75C0}.Release|x86.ActiveCfg = Release|Any CPU
		{8375A0B4-00CD-47E1-91B6-5315A79E75C0}.Release|x86.Build.0 = Release|Any CPU
	EndGlobalSection
	GlobalSection(SolutionProperties) = preSolution
		HideSolutionNode = FALSE
	EndGlobalSection
	GlobalSection(ExtensibilityGlobals) = postSolution
		SolutionGuid = {0F4D1EB7-BECC-4D0F-A6BA-6D78179C7330}
	EndGlobalSection
EndGlobal
