
Microsoft Visual Studio Solution File, Format Version 12.00
# Visual Studio Version 16
VisualStudioVersion = 16.0.31112.23
MinimumVisualStudioVersion = 10.0.40219.1
Project("{FAE04EC0-301F-11D3-BF4B-00C04F79EFBC}") = "TextFileSample001", "TextFileSample001\TextFileSample001.csproj", "{273B68E0-8463-4EE7-A473-CA0754585418}"
EndProject
Project("{FAE04EC0-301F-11D3-BF4B-00C04F79EFBC}") = "TextFileSample003", "TextFileSample003\TextFileSample003.csproj", "{A2DFC6C0-DE13-410A-BAE7-8CAB835CDD79}"
EndProject
Global
	GlobalSection(SolutionConfigurationPlatforms) = preSolution
		Debug|Any CPU = Debug|Any CPU
		Release|Any CPU = Release|Any CPU
	EndGlobalSection
	GlobalSection(ProjectConfigurationPlatforms) = postSolution
		{273B68E0-8463-4EE7-A473-CA0754585418}.Debug|Any CPU.ActiveCfg = Debug|Any CPU
		{273B68E0-8463-4EE7-A473-CA0754585418}.Release|Any CPU.ActiveCfg = Release|Any CPU
		{273B68E0-8463-4EE7-A473-CA0754585418}.Release|Any CPU.Build.0 = Release|Any CPU
		{A2DFC6C0-DE13-410A-BAE7-8CAB835CDD79}.Debug|Any CPU.ActiveCfg = Debug|Any CPU
		{A2DFC6C0-DE13-410A-BAE7-8CAB835CDD79}.Debug|Any CPU.Build.0 = Debug|Any CPU
		{A2DFC6C0-DE13-410A-BAE7-8CAB835CDD79}.Release|Any CPU.ActiveCfg = Release|Any CPU
		{A2DFC6C0-DE13-410A-BAE7-8CAB835CDD79}.Release|Any CPU.Build.0 = Release|Any CPU
	EndGlobalSection
	GlobalSection(SolutionProperties) = preSolution
		HideSolutionNode = FALSE
	EndGlobalSection
	GlobalSection(ExtensibilityGlobals) = postSolution
		SolutionGuid = {6F169E2E-98CF-4E18-B10A-63DE10330B43}
	EndGlobalSection
EndGlobal
