
Microsoft Visual Studio Solution File, Format Version 12.00
# Visual Studio Version 16
VisualStudioVersion = 16.0.31112.23
MinimumVisualStudioVersion = 10.0.40219.1
Project("{FAE04EC0-301F-11D3-BF4B-00C04F79EFBC}") = "AndOperatorSamples", "AndOperatorSamples\AndOperatorSamples.csproj", "{BA822889-77A7-45BF-81E8-B65745BBE043}"
EndProject
Global
	GlobalSection(SolutionConfigurationPlatforms) = preSolution
		Debug|Any CPU = Debug|Any CPU
		Release|Any CPU = Release|Any CPU
	EndGlobalSection
	GlobalSection(ProjectConfigurationPlatforms) = postSolution
		{BA822889-77A7-45BF-81E8-B65745BBE043}.Debug|Any CPU.ActiveCfg = Debug|Any CPU
		{BA822889-77A7-45BF-81E8-B65745BBE043}.Debug|Any CPU.Build.0 = Debug|Any CPU
		{BA822889-77A7-45BF-81E8-B65745BBE043}.Release|Any CPU.ActiveCfg = Release|Any CPU
		{BA822889-77A7-45BF-81E8-B65745BBE043}.Release|Any CPU.Build.0 = Release|Any CPU
	EndGlobalSection
	GlobalSection(SolutionProperties) = preSolution
		HideSolutionNode = FALSE
	EndGlobalSection
	GlobalSection(ExtensibilityGlobals) = postSolution
		SolutionGuid = {FB3AB52D-DAAC-4702-ACEA-FB865FC0C543}
	EndGlobalSection
EndGlobal
