
Microsoft Visual Studio Solution File, Format Version 12.00
# Visual Studio Version 16
VisualStudioVersion = 16.0.31112.23
MinimumVisualStudioVersion = 10.0.40219.1
Project("{FAE04EC0-301F-11D3-BF4B-00C04F79EFBC}") = "Q1_LoopWords", "Q1_LoopWords\Q1_LoopWords.csproj", "{8434E647-6C2C-4F3B-B267-AFED1C23209C}"
EndProject
Project("{FAE04EC0-301F-11D3-BF4B-00C04F79EFBC}") = "Q2_PrimeNumber", "Q2_PrimeNumber\Q2_PrimeNumber.csproj", "{886A08D6-629C-4E96-9C8E-5921F1F1FDF5}"
EndProject
Project("{FAE04EC0-301F-11D3-BF4B-00C04F79EFBC}") = "Q3_StringReplace", "Q3_StringReplace\Q3_StringReplace.csproj", "{7C2BE6C0-8CA1-4E6E-B6B4-E47CAAF38BF5}"
EndProject
Global
	GlobalSection(SolutionConfigurationPlatforms) = preSolution
		Debug|Any CPU = Debug|Any CPU
		Release|Any CPU = Release|Any CPU
	EndGlobalSection
	GlobalSection(ProjectConfigurationPlatforms) = postSolution
		{8434E647-6C2C-4F3B-B267-AFED1C23209C}.Debug|Any CPU.ActiveCfg = Debug|Any CPU
		{8434E647-6C2C-4F3B-B267-AFED1C23209C}.Debug|Any CPU.Build.0 = Debug|Any CPU
		{8434E647-6C2C-4F3B-B267-AFED1C23209C}.Release|Any CPU.ActiveCfg = Release|Any CPU
		{8434E647-6C2C-4F3B-B267-AFED1C23209C}.Release|Any CPU.Build.0 = Release|Any CPU
		{886A08D6-629C-4E96-9C8E-5921F1F1FDF5}.Debug|Any CPU.ActiveCfg = Debug|Any CPU
		{886A08D6-629C-4E96-9C8E-5921F1F1FDF5}.Debug|Any CPU.Build.0 = Debug|Any CPU
		{886A08D6-629C-4E96-9C8E-5921F1F1FDF5}.Release|Any CPU.ActiveCfg = Release|Any CPU
		{886A08D6-629C-4E96-9C8E-5921F1F1FDF5}.Release|Any CPU.Build.0 = Release|Any CPU
		{7C2BE6C0-8CA1-4E6E-B6B4-E47CAAF38BF5}.Debug|Any CPU.ActiveCfg = Debug|Any CPU
		{7C2BE6C0-8CA1-4E6E-B6B4-E47CAAF38BF5}.Debug|Any CPU.Build.0 = Debug|Any CPU
		{7C2BE6C0-8CA1-4E6E-B6B4-E47CAAF38BF5}.Release|Any CPU.ActiveCfg = Release|Any CPU
		{7C2BE6C0-8CA1-4E6E-B6B4-E47CAAF38BF5}.Release|Any CPU.Build.0 = Release|Any CPU
	EndGlobalSection
	GlobalSection(SolutionProperties) = preSolution
		HideSolutionNode = FALSE
	EndGlobalSection
	GlobalSection(ExtensibilityGlobals) = postSolution
		SolutionGuid = {206F56D9-EF24-4B35-94AF-3E96F0BA154F}
	EndGlobalSection
EndGlobal
