
Microsoft Visual Studio Solution File, Format Version 12.00
# Visual Studio Version 16
VisualStudioVersion = 16.0.31112.23
MinimumVisualStudioVersion = 10.0.40219.1
Project("{FAE04EC0-301F-11D3-BF4B-00C04F79EFBC}") = "DelegateSamples001", "DelegateSamples001\DelegateSamples001.csproj", "{0A1B8BDD-AD8D-45E3-90DD-787374226289}"
EndProject
Project("{FAE04EC0-301F-11D3-BF4B-00C04F79EFBC}") = "DelegateSamples002", "DelegateSamples002\DelegateSamples002.csproj", "{B0035AFF-7BD5-4DAA-9A45-57D003ADCA96}"
EndProject
Project("{FAE04EC0-301F-11D3-BF4B-00C04F79EFBC}") = "DelegateSamples003", "DelegateSamples003\DelegateSamples003.csproj", "{E1525565-41AD-4439-A5C4-BD02ACB7BDD9}"
EndProject
Global
	GlobalSection(SolutionConfigurationPlatforms) = preSolution
		Debug|Any CPU = Debug|Any CPU
		Release|Any CPU = Release|Any CPU
	EndGlobalSection
	GlobalSection(ProjectConfigurationPlatforms) = postSolution
		{0A1B8BDD-AD8D-45E3-90DD-787374226289}.Debug|Any CPU.ActiveCfg = Debug|Any CPU
		{0A1B8BDD-AD8D-45E3-90DD-787374226289}.Debug|Any CPU.Build.0 = Debug|Any CPU
		{0A1B8BDD-AD8D-45E3-90DD-787374226289}.Release|Any CPU.ActiveCfg = Release|Any CPU
		{0A1B8BDD-AD8D-45E3-90DD-787374226289}.Release|Any CPU.Build.0 = Release|Any CPU
		{B0035AFF-7BD5-4DAA-9A45-57D003ADCA96}.Debug|Any CPU.ActiveCfg = Debug|Any CPU
		{B0035AFF-7BD5-4DAA-9A45-57D003ADCA96}.Debug|Any CPU.Build.0 = Debug|Any CPU
		{B0035AFF-7BD5-4DAA-9A45-57D003ADCA96}.Release|Any CPU.ActiveCfg = Release|Any CPU
		{B0035AFF-7BD5-4DAA-9A45-57D003ADCA96}.Release|Any CPU.Build.0 = Release|Any CPU
		{E1525565-41AD-4439-A5C4-BD02ACB7BDD9}.Debug|Any CPU.ActiveCfg = Debug|Any CPU
		{E1525565-41AD-4439-A5C4-BD02ACB7BDD9}.Debug|Any CPU.Build.0 = Debug|Any CPU
		{E1525565-41AD-4439-A5C4-BD02ACB7BDD9}.Release|Any CPU.ActiveCfg = Release|Any CPU
		{E1525565-41AD-4439-A5C4-BD02ACB7BDD9}.Release|Any CPU.Build.0 = Release|Any CPU
	EndGlobalSection
	GlobalSection(SolutionProperties) = preSolution
		HideSolutionNode = FALSE
	EndGlobalSection
	GlobalSection(ExtensibilityGlobals) = postSolution
		SolutionGuid = {464E1013-A00A-41C9-ACED-8A74CC8A4F16}
	EndGlobalSection
EndGlobal
