
Microsoft Visual Studio Solution File, Format Version 12.00
# Visual Studio Version 16
VisualStudioVersion = 16.0.31112.23
MinimumVisualStudioVersion = 10.0.40219.1
Project("{FAE04EC0-301F-11D3-BF4B-00C04F79EFBC}") = "JsonSample001", "JsonSample001\JsonSample001.csproj", "{8DFBF905-4486-407B-8592-8A48D9AD4036}"
EndProject
Global
	GlobalSection(SolutionConfigurationPlatforms) = preSolution
		Debug|Any CPU = Debug|Any CPU
		Release|Any CPU = Release|Any CPU
	EndGlobalSection
	GlobalSection(ProjectConfigurationPlatforms) = postSolution
		{8DFBF905-4486-407B-8592-8A48D9AD4036}.Debug|Any CPU.ActiveCfg = Debug|Any CPU
		{8DFBF905-4486-407B-8592-8A48D9AD4036}.Debug|Any CPU.Build.0 = Debug|Any CPU
		{8DFBF905-4486-407B-8592-8A48D9AD4036}.Release|Any CPU.ActiveCfg = Release|Any CPU
		{8DFBF905-4486-407B-8592-8A48D9AD4036}.Release|Any CPU.Build.0 = Release|Any CPU
	EndGlobalSection
	GlobalSection(SolutionProperties) = preSolution
		HideSolutionNode = FALSE
	EndGlobalSection
	GlobalSection(ExtensibilityGlobals) = postSolution
		SolutionGuid = {D794664B-CA68-4552-8BAE-4F93DD666FF3}
	EndGlobalSection
EndGlobal
