
Microsoft Visual Studio Solution File, Format Version 12.00
# Visual Studio Version 16
VisualStudioVersion = 16.0.31112.23
MinimumVisualStudioVersion = 10.0.40219.1
Project("{FAE04EC0-301F-11D3-BF4B-00C04F79EFBC}") = "BreakSample", "BreakSample\BreakSample.csproj", "{6CF510D4-8F51-4219-8C89-89A351A4E5D2}"
EndProject
Project("{FAE04EC0-301F-11D3-BF4B-00C04F79EFBC}") = "ContinueSample", "ContinueSample\ContinueSample.csproj", "{6F4A7D76-D4D2-4CC3-9A6F-D6F57864DBE1}"
EndProject
Global
	GlobalSection(SolutionConfigurationPlatforms) = preSolution
		Debug|Any CPU = Debug|Any CPU
		Release|Any CPU = Release|Any CPU
	EndGlobalSection
	GlobalSection(ProjectConfigurationPlatforms) = postSolution
		{6CF510D4-8F51-4219-8C89-89A351A4E5D2}.Debug|Any CPU.ActiveCfg = Debug|Any CPU
		{6CF510D4-8F51-4219-8C89-89A351A4E5D2}.Debug|Any CPU.Build.0 = Debug|Any CPU
		{6CF510D4-8F51-4219-8C89-89A351A4E5D2}.Release|Any CPU.ActiveCfg = Release|Any CPU
		{6CF510D4-8F51-4219-8C89-89A351A4E5D2}.Release|Any CPU.Build.0 = Release|Any CPU
		{6F4A7D76-D4D2-4CC3-9A6F-D6F57864DBE1}.Debug|Any CPU.ActiveCfg = Debug|Any CPU
		{6F4A7D76-D4D2-4CC3-9A6F-D6F57864DBE1}.Debug|Any CPU.Build.0 = Debug|Any CPU
		{6F4A7D76-D4D2-4CC3-9A6F-D6F57864DBE1}.Release|Any CPU.ActiveCfg = Release|Any CPU
		{6F4A7D76-D4D2-4CC3-9A6F-D6F57864DBE1}.Release|Any CPU.Build.0 = Release|Any CPU
	EndGlobalSection
	GlobalSection(SolutionProperties) = preSolution
		HideSolutionNode = FALSE
	EndGlobalSection
	GlobalSection(ExtensibilityGlobals) = postSolution
		SolutionGuid = {95515FF7-FE9B-47AB-AD88-62F0BDE2E6D8}
	EndGlobalSection
EndGlobal
